
Microsoft Visual Studio Solution File, Format Version 12.00
# Visual Studio Version 16
VisualStudioVersion = 25.0.1706.11
MinimumVisualStudioVersion = 10.0.40219.1
Project("{FAE04EC0-301F-11D3-BF4B-00C04F79EFBC}") = "LogLibrary", "LogLibrary.csproj", "{CDD1D78E-275D-4E7B-BBFB-89B1F33553B2}"
EndProject
Global
	GlobalSection(SolutionConfigurationPlatforms) = preSolution
		Debug|Any CPU = Debug|Any CPU
		Release|Any CPU = Release|Any CPU
	EndGlobalSection
	GlobalSection(ProjectConfigurationPlatforms) = postSolution
		{CDD1D78E-275D-4E7B-BBFB-89B1F33553B2}.Debug|Any CPU.ActiveCfg = Debug|Any CPU
		{CDD1D78E-275D-4E7B-BBFB-89B1F33553B2}.Debug|Any CPU.Build.0 = Debug|Any CPU
		{CDD1D78E-275D-4E7B-BBFB-89B1F33553B2}.Release|Any CPU.ActiveCfg = Release|Any CPU
		{CDD1D78E-275D-4E7B-BBFB-89B1F33553B2}.Release|Any CPU.Build.0 = Release|Any CPU
	EndGlobalSection
	GlobalSection(SolutionProperties) = preSolution
		HideSolutionNode = FALSE
	EndGlobalSection
	GlobalSection(ExtensibilityGlobals) = postSolution
		SolutionGuid = {EA1D054E-B16E-414D-B4FF-16AF8FE00C5F}
	EndGlobalSection
EndGlobal
